
Microsoft Visual Studio Solution File, Format Version 12.00
Project("{FAE04EC0-301F-11D3-BF4B-00C04F79EFBC}") = "HeyProgrammer", "HeyProgrammer\HeyProgrammer.csproj", "{B07B5CD5-7F44-46D4-BFEB-7FDE26AA7549}"
EndProject
Project("{FAE04EC0-301F-11D3-BF4B-00C04F79EFBC}") = "HeyProgrammerTests", "HeyProgrammerTests\HeyProgrammerTests.csproj", "{C1682FB7-8FB9-405C-AF8C-786424F6F0EB}"
EndProject
Global
	GlobalSection(SolutionConfigurationPlatforms) = preSolution
		Debug|Any CPU = Debug|Any CPU
		Release|Any CPU = Release|Any CPU
	EndGlobalSection
	GlobalSection(ProjectConfigurationPlatforms) = postSolution
		{B07B5CD5-7F44-46D4-BFEB-7FDE26AA7549}.Debug|Any CPU.ActiveCfg = Debug|Any CPU
		{B07B5CD5-7F44-46D4-BFEB-7FDE26AA7549}.Debug|Any CPU.Build.0 = Debug|Any CPU
		{B07B5CD5-7F44-46D4-BFEB-7FDE26AA7549}.Release|Any CPU.ActiveCfg = Release|Any CPU
		{B07B5CD5-7F44-46D4-BFEB-7FDE26AA7549}.Release|Any CPU.Build.0 = Release|Any CPU
		{C1682FB7-8FB9-405C-AF8C-786424F6F0EB}.Debug|Any CPU.ActiveCfg = Debug|Any CPU
		{C1682FB7-8FB9-405C-AF8C-786424F6F0EB}.Debug|Any CPU.Build.0 = Debug|Any CPU
		{C1682FB7-8FB9-405C-AF8C-786424F6F0EB}.Release|Any CPU.ActiveCfg = Release|Any CPU
		{C1682FB7-8FB9-405C-AF8C-786424F6F0EB}.Release|Any CPU.Build.0 = Release|Any CPU
	EndGlobalSection
EndGlobal
